hash: 7eea05d40140f44edce056637016e081ea2340ed0297494782f6e609068c90dd
updated: 2018-11-10T11:14:51.912439887+02:00
imports:
- name: github.com/mailru/easyjson
  version: 60711f1a8329503b04e1c88535f419d0bb440bff
  subpackages:
  - buffer
  - jlexer
  - jwriter
- name: github.com/olivere/elastic
  version: 39a9bfbe6df897c417b02895256917950e67f9f2
  subpackages:
  - config
  - uritemplates
- name: github.com/pkg/errors
  version: 059132a15dd08d6704c67711dae0cf35ab991756
testImports: []
